
Microsoft Visual Studio Solution File, Format Version 12.00
# Visual Studio Version 17
VisualStudioVersion = 17.9.34728.123
MinimumVisualStudioVersion = 10.0.40219.1
Project("{FAE04EC0-301F-11D3-BF4B-00C04F79EFBC}") = "Ado.netpractice", "Ado.netpractice\Ado.netpractice.csproj", "{D88A0E55-B180-47D8-AC8C-6E83F9DAD5B4}"
EndProject
Global
	GlobalSection(SolutionConfigurationPlatforms) = preSolution
		Debug|Any CPU = Debug|Any CPU
		Release|Any CPU = Release|Any CPU
	EndGlobalSection
	GlobalSection(ProjectConfigurationPlatforms) = postSolution
		{D88A0E55-B180-47D8-AC8C-6E83F9DAD5B4}.Debug|Any CPU.ActiveCfg = Debug|Any CPU
		{D88A0E55-B180-47D8-AC8C-6E83F9DAD5B4}.Debug|Any CPU.Build.0 = Debug|Any CPU
		{D88A0E55-B180-47D8-AC8C-6E83F9DAD5B4}.Release|Any CPU.ActiveCfg = Release|Any CPU
		{D88A0E55-B180-47D8-AC8C-6E83F9DAD5B4}.Release|Any CPU.Build.0 = Release|Any CPU
	EndGlobalSection
	GlobalSection(SolutionProperties) = preSolution
		HideSolutionNode = FALSE
	EndGlobalSection
	GlobalSection(ExtensibilityGlobals) = postSolution
		SolutionGuid = {E7A71433-2267-4EE2-9043-918ECD76488B}
	EndGlobalSection
EndGlobal
